
Microsoft Visual Studio Solution File, Format Version 12.00
# Visual Studio 15
VisualStudioVersion = 15.0.28010.2048
MinimumVisualStudioVersion = 10.0.40219.1
Project("{FAE04EC0-301F-11D3-BF4B-00C04F79EFBC}") = "TidePredictionsSql", "TidePredictionsSql\TidePredictionsSql.csproj", "{086E23FF-2257-4DDD-BD61-05B1BECCA339}"
EndProject
Project("{FAE04EC0-301F-11D3-BF4B-00C04F79EFBC}") = "TidePredictionConsole", "TidePredictionConsole\TidePredictionConsole.csproj", "{D121C83F-E1D3-4A16-AD4E-BC94A0AD6DD5}"
EndProject
Project("{FAE04EC0-301F-11D3-BF4B-00C04F79EFBC}") = "TidePredictionLibrary", "TidePredictionLibrary\TidePredictionLibrary.csproj", "{C29A205D-46F1-42BB-A2F3-C04485AD6FBA}"
EndProject
Global
	GlobalSection(SolutionConfigurationPlatforms) = preSolution
		Debug|Any CPU = Debug|Any CPU
		Release|Any CPU = Release|Any CPU
	EndGlobalSection
	GlobalSection(ProjectConfigurationPlatforms) = postSolution
		{086E23FF-2257-4DDD-BD61-05B1BECCA339}.Debug|Any CPU.ActiveCfg = Debug|Any CPU
		{086E23FF-2257-4DDD-BD61-05B1BECCA339}.Debug|Any CPU.Build.0 = Debug|Any CPU
		{086E23FF-2257-4DDD-BD61-05B1BECCA339}.Debug|Any CPU.Deploy.0 = Debug|Any CPU
		{086E23FF-2257-4DDD-BD61-05B1BECCA339}.Release|Any CPU.ActiveCfg = Release|Any CPU
		{086E23FF-2257-4DDD-BD61-05B1BECCA339}.Release|Any CPU.Build.0 = Release|Any CPU
		{086E23FF-2257-4DDD-BD61-05B1BECCA339}.Release|Any CPU.Deploy.0 = Release|Any CPU
		{D121C83F-E1D3-4A16-AD4E-BC94A0AD6DD5}.Debug|Any CPU.ActiveCfg = Debug|Any CPU
		{D121C83F-E1D3-4A16-AD4E-BC94A0AD6DD5}.Debug|Any CPU.Build.0 = Debug|Any CPU
		{D121C83F-E1D3-4A16-AD4E-BC94A0AD6DD5}.Release|Any CPU.ActiveCfg = Release|Any CPU
		{D121C83F-E1D3-4A16-AD4E-BC94A0AD6DD5}.Release|Any CPU.Build.0 = Release|Any CPU
		{C29A205D-46F1-42BB-A2F3-C04485AD6FBA}.Debug|Any CPU.ActiveCfg = Debug|Any CPU
		{C29A205D-46F1-42BB-A2F3-C04485AD6FBA}.Debug|Any CPU.Build.0 = Debug|Any CPU
		{C29A205D-46F1-42BB-A2F3-C04485AD6FBA}.Release|Any CPU.ActiveCfg = Release|Any CPU
		{C29A205D-46F1-42BB-A2F3-C04485AD6FBA}.Release|Any CPU.Build.0 = Release|Any CPU
	EndGlobalSection
	GlobalSection(SolutionProperties) = preSolution
		HideSolutionNode = FALSE
	EndGlobalSection
	GlobalSection(ExtensibilityGlobals) = postSolution
		SolutionGuid = {BB2BFF9E-3B11-47D8-A06E-9D4F00478FE8}
	EndGlobalSection
EndGlobal
