
Microsoft Visual Studio Solution File, Format Version 12.00
# Visual Studio 15
VisualStudioVersion = 15.0.28307.102
MinimumVisualStudioVersion = 10.0.40219.1
Project("{FAE04EC0-301F-11D3-BF4B-00C04F79EFBC}") = "TestTide", "TestTide\TestTide.csproj", "{6894CE70-BC61-4692-9729-D25280AFFDAA}"
EndProject
Project("{FAE04EC0-301F-11D3-BF4B-00C04F79EFBC}") = "ClassLibrary1", "ClassLibrary1\ClassLibrary1.csproj", "{A25448BB-BAE3-447B-8364-6720B10A5D96}"
EndProject
Global
	GlobalSection(SolutionConfigurationPlatforms) = preSolution
		Debug|Any CPU = Debug|Any CPU
		Release|Any CPU = Release|Any CPU
	EndGlobalSection
	GlobalSection(ProjectConfigurationPlatforms) = postSolution
		{6894CE70-BC61-4692-9729-D25280AFFDAA}.Debug|Any CPU.ActiveCfg = Debug|Any CPU
		{6894CE70-BC61-4692-9729-D25280AFFDAA}.Debug|Any CPU.Build.0 = Debug|Any CPU
		{6894CE70-BC61-4692-9729-D25280AFFDAA}.Debug|Any CPU.Deploy.0 = Debug|Any CPU
		{6894CE70-BC61-4692-9729-D25280AFFDAA}.Release|Any CPU.ActiveCfg = Release|Any CPU
		{6894CE70-BC61-4692-9729-D25280AFFDAA}.Release|Any CPU.Build.0 = Release|Any CPU
		{6894CE70-BC61-4692-9729-D25280AFFDAA}.Release|Any CPU.Deploy.0 = Release|Any CPU
		{A25448BB-BAE3-447B-8364-6720B10A5D96}.Debug|Any CPU.ActiveCfg = Debug|Any CPU
		{A25448BB-BAE3-447B-8364-6720B10A5D96}.Debug|Any CPU.Build.0 = Debug|Any CPU
		{A25448BB-BAE3-447B-8364-6720B10A5D96}.Release|Any CPU.ActiveCfg = Release|Any CPU
		{A25448BB-BAE3-447B-8364-6720B10A5D96}.Release|Any CPU.Build.0 = Release|Any CPU
	EndGlobalSection
	GlobalSection(SolutionProperties) = preSolution
		HideSolutionNode = FALSE
	EndGlobalSection
	GlobalSection(ExtensibilityGlobals) = postSolution
		SolutionGuid = {3DDBB46E-6B8D-4B5A-91E3-57DBF3BB7FC7}
	EndGlobalSection
EndGlobal
